
Microsoft Visual Studio Solution File, Format Version 12.00
# Visual Studio 15
VisualStudioVersion = 15.0.28307.136
MinimumVisualStudioVersion = 10.0.40219.1
Project("{FAE04EC0-301F-11D3-BF4B-00C04F79EFBC}") = "BlitzLens", "BlitzLens\BlitzLens.csproj", "{259B2470-207A-4C26-9D66-D580C82B8735}"
EndProject
Project("{FAE04EC0-301F-11D3-BF4B-00C04F79EFBC}") = "BlitzLensLib", "BlitzLensLib\BlitzLensLib.csproj", "{3DA761C2-268F-4BD1-9B07-15DD2A14EB9A}"
EndProject
Project("{9A19103F-16F7-4668-BE54-9A1E7A4F7556}") = "SharpDisasm", "libs\sharpdisasm\SharpDisasm\SharpDisasm.csproj", "{ADAB5584-7746-45D9-A6FF-327AF3E7008E}"
EndProject
Global
	GlobalSection(SolutionConfigurationPlatforms) = preSolution
		Debug|Any CPU = Debug|Any CPU
		Release|Any CPU = Release|Any CPU
	EndGlobalSection
	GlobalSection(ProjectConfigurationPlatforms) = postSolution
		{259B2470-207A-4C26-9D66-D580C82B8735}.Debug|Any CPU.ActiveCfg = Debug|Any CPU
		{259B2470-207A-4C26-9D66-D580C82B8735}.Debug|Any CPU.Build.0 = Debug|Any CPU
		{259B2470-207A-4C26-9D66-D580C82B8735}.Release|Any CPU.ActiveCfg = Release|Any CPU
		{259B2470-207A-4C26-9D66-D580C82B8735}.Release|Any CPU.Build.0 = Release|Any CPU
		{3DA761C2-268F-4BD1-9B07-15DD2A14EB9A}.Debug|Any CPU.ActiveCfg = Debug|Any CPU
		{3DA761C2-268F-4BD1-9B07-15DD2A14EB9A}.Debug|Any CPU.Build.0 = Debug|Any CPU
		{3DA761C2-268F-4BD1-9B07-15DD2A14EB9A}.Release|Any CPU.ActiveCfg = Release|Any CPU
		{3DA761C2-268F-4BD1-9B07-15DD2A14EB9A}.Release|Any CPU.Build.0 = Release|Any CPU
		{ADAB5584-7746-45D9-A6FF-327AF3E7008E}.Debug|Any CPU.ActiveCfg = Debug|Any CPU
		{ADAB5584-7746-45D9-A6FF-327AF3E7008E}.Debug|Any CPU.Build.0 = Debug|Any CPU
		{ADAB5584-7746-45D9-A6FF-327AF3E7008E}.Release|Any CPU.ActiveCfg = Release|Any CPU
		{ADAB5584-7746-45D9-A6FF-327AF3E7008E}.Release|Any CPU.Build.0 = Release|Any CPU
	EndGlobalSection
	GlobalSection(SolutionProperties) = preSolution
		HideSolutionNode = FALSE
	EndGlobalSection
	GlobalSection(ExtensibilityGlobals) = postSolution
		SolutionGuid = {C8949FD3-5455-4CA5-A701-18ED18FF0D86}
	EndGlobalSection
EndGlobal
